// !$*UTF8*$!
{
	archiveVersion = 1;
	classes = {
	};
	objectVersion = 70;
	objects = {

/* Begin PBXBuildFile section */
		030F238E2BEF9EA700E8D4FA /* SwiftyStoreKit in Frameworks */ = {isa = PBXBuildFile; productRef = 030F238D2BEF9EA700E8D4FA /* SwiftyStoreKit */; };
		030F23902BEFA17600E8D4FA /* BuyView.swift in Sources */ = {isa = PBXBuildFile; fileRef = 030F238F2BEFA17600E8D4FA /* BuyView.swift */; };
		03120FC72BE285DF008D0B76 /* ExperimentView.swift in Sources */ = {isa = PBXBuildFile; fileRef = 03120FC62BE285DF008D0B76 /* ExperimentView.swift */; };
		031C62C42CCA139200A865EC /* WidgetKit.framework in Frameworks */ = {isa = PBXBuildFile; fileRef = 031C62C32CCA139200A865EC /* WidgetKit.framework */; };
		031C62C62CCA139200A865EC /* SwiftUI.framework in Frameworks */ = {isa = PBXBuildFile; fileRef = 031C62C52CCA139200A865EC /* SwiftUI.framework */; };
		031C62D12CCA139300A865EC /* Tap-to-Open-LWTExtension.appex in Embed Foundation Extensions */ = {isa = PBXBuildFile; fileRef = 031C62C22CCA139200A865EC /* Tap-to-Open-LWTExtension.appex */; settings = {ATTRIBUTES = (RemoveHeadersOnCopy, ); }; };
		032898242CAAAEC30000B06D /* LinecomIDLoginView.swift in Sources */ = {isa = PBXBuildFile; fileRef = 032898232CAAAEC30000B06D /* LinecomIDLoginView.swift */; };
		032898352CAAB5740000B06D /* LinecomIDMgmtView.swift in Sources */ = {isa = PBXBuildFile; fileRef = 032898342CAAB5740000B06D /* LinecomIDMgmtView.swift */; };
		032898452CAABE380000B06D /* ExpHistoryCTL.swift in Sources */ = {isa = PBXBuildFile; fileRef = 032898442CAABE380000B06D /* ExpHistoryCTL.swift */; };
		032898472CAAC5060000B06D /* HistoryView.swift in Sources */ = {isa = PBXBuildFile; fileRef = 032898462CAAC5060000B06D /* HistoryView.swift */; };
		032898492CAAC5330000B06D /* HistoryDetailView.swift in Sources */ = {isa = PBXBuildFile; fileRef = 032898482CAAC5330000B06D /* HistoryDetailView.swift */; };
		0328984B2CAAD1BA0000B06D /* LinecomIDLCloudSettingsView.swift in Sources */ = {isa = PBXBuildFile; fileRef = 0328984A2CAAD1BA0000B06D /* LinecomIDLCloudSettingsView.swift */; };
		0328986C2CAAE3CD0000B06D /* WhatsNewView.swift in Sources */ = {isa = PBXBuildFile; fileRef = 0328986B2CAAE3CD0000B06D /* WhatsNewView.swift */; };
		032898712CAAF96E0000B06D /* Dynamic in Frameworks */ = {isa = PBXBuildFile; productRef = 032898702CAAF96E0000B06D /* Dynamic */; };
		0333FBE32BE7C9DF00D7AF33 /* CepheusKeyboardKit in Frameworks */ = {isa = PBXBuildFile; productRef = 0333FBE22BE7C9DF00D7AF33 /* CepheusKeyboardKit */; };
		033740D32C002DF800A7259F /* LinecomBase.swift in Sources */ = {isa = PBXBuildFile; fileRef = 033740D22C002DF800A7259F /* LinecomBase.swift */; };
		03428C5C2B9219580025849C /* Linecom_Wear_TranslateApp.swift in Sources */ = {isa = PBXBuildFile; fileRef = 03428C5B2B9219580025849C /* Linecom_Wear_TranslateApp.swift */; };
		03428C5E2B9219580025849C /* ContentView.swift in Sources */ = {isa = PBXBuildFile; fileRef = 03428C5D2B9219580025849C /* ContentView.swift */; };
		03428C602B9219590025849C /* Assets.xcassets in Resources */ = {isa = PBXBuildFile; fileRef = 03428C5F2B9219590025849C /* Assets.xcassets */; };
		03428C632B9219590025849C /* Preview Assets.xcassets in Resources */ = {isa = PBXBuildFile; fileRef = 03428C622B9219590025849C /* Preview Assets.xcassets */; };
		03428C772B9219590025849C /* Linecom_Wear_Translate_Watch_AppUITests.swift in Sources */ = {isa = PBXBuildFile; fileRef = 03428C762B9219590025849C /* Linecom_Wear_Translate_Watch_AppUITests.swift */; };
		03428C792B9219590025849C /* Linecom_Wear_Translate_Watch_AppUITestsLaunchTests.swift in Sources */ = {isa = PBXBuildFile; fileRef = 03428C782B9219590025849C /* Linecom_Wear_Translate_Watch_AppUITestsLaunchTests.swift */; };
		0349B2D92C47F9BF00B820B5 /* Linecom_Wear_TranslateApp.swift in Sources */ = {isa = PBXBuildFile; fileRef = 0349B2D82C47F9BF00B820B5 /* Linecom_Wear_TranslateApp.swift */; };
		0349B2DB2C47F9BF00B820B5 /* ContentView.swift in Sources */ = {isa = PBXBuildFile; fileRef = 0349B2DA2C47F9BF00B820B5 /* ContentView.swift */; };
		0349B2DD2C47F9BF00B820B5 /* Assets.xcassets in Resources */ = {isa = PBXBuildFile; fileRef = 0349B2DC2C47F9BF00B820B5 /* Assets.xcassets */; };
		0349B2E02C47F9BF00B820B5 /* Preview Assets.xcassets in Resources */ = {isa = PBXBuildFile; fileRef = 0349B2DF2C47F9BF00B820B5 /* Preview Assets.xcassets */; };
		0349B2E52C47F9F400B820B5 /* 澪空软件腕表翻译.app in Embed Watch Content */ = {isa = PBXBuildFile; fileRef = 03428C562B9219580025849C /* 澪空软件腕表翻译.app */; settings = {ATTRIBUTES = (RemoveHeadersOnCopy, ); }; };
		034B96092BB7CCD4005D757D /* PrivacyInfo.xcprivacy in Resources */ = {isa = PBXBuildFile; fileRef = 034B96072BB7CCD4005D757D /* PrivacyInfo.xcprivacy */; };
		036F3C8C2B9232060080194C /* DarockKit in Frameworks */ = {isa = PBXBuildFile; productRef = 036F3C8B2B9232060080194C /* DarockKit */; };
		036F3C8E2B92342B0080194C /* md5c.swift in Sources */ = {isa = PBXBuildFile; fileRef = 036F3C8D2B92342B0080194C /* md5c.swift */; };
		036F3C902B9243FD0080194C /* OtherViews.swift in Sources */ = {isa = PBXBuildFile; fileRef = 036F3C8F2B9243FD0080194C /* OtherViews.swift */; };
		03A1615E2CAD8B6600E9FC90 /* AppDelegate.swift in Sources */ = {isa = PBXBuildFile; fileRef = 03A1615D2CAD8B6600E9FC90 /* AppDelegate.swift */; };
		03BB21032C2EA3960048BF18 /* WYWTranslate.swift in Sources */ = {isa = PBXBuildFile; fileRef = 03BB21022C2EA3960048BF18 /* WYWTranslate.swift */; };
		03C7A9F42C30280E00EFE72C /* MarkdownUI in Frameworks */ = {isa = PBXBuildFile; productRef = 03C7A9F32C30280E00EFE72C /* MarkdownUI */; };
		03C7A9F72C30287900EFE72C /* SupportsUICore in Frameworks */ = {isa = PBXBuildFile; productRef = 03C7A9F62C30287900EFE72C /* SupportsUICore */; };
		03D39BA92BAF34410075EC3D /* Localizable.xcstrings in Resources */ = {isa = PBXBuildFile; fileRef = 03D39BA72BAF342D0075EC3D /* Localizable.xcstrings */; };
		03DD72F62BF08AD1002DFB5D /* UpdateView.swift in Sources */ = {isa = PBXBuildFile; fileRef = 03DD72F52BF08AD1002DFB5D /* UpdateView.swift */; };
		03ED88E52C5086E10065C896 /* icon.png in Resources */ = {isa = PBXBuildFile; fileRef = 03ED88E42C5086E10065C896 /* icon.png */; };
/* End PBXBuildFile section */

/* Begin PBXContainerItemProxy section */
		031C62CF2CCA139300A865EC /* PBXContainerItemProxy */ = {
			isa = PBXContainerItemProxy;
			containerPortal = 03428C4A2B9219580025849C /* Project object */;
			proxyType = 1;
			remoteGlobalIDString = 031C62C12CCA139200A865EC;
			remoteInfo = "Tap-to-Open-LWTExtension";
		};
		031C62E92CCA1E1000A865EC /* PBXContainerItemProxy */ = {
			isa = PBXContainerItemProxy;
			containerPortal = 03428C4A2B9219580025849C /* Project object */;
			proxyType = 1;
			remoteGlobalIDString = 031C62C12CCA139200A865EC;
			remoteInfo = "Tap-to-Open-LWTExtension";
		};
		031C62EB2CCA1E1300A865EC /* PBXContainerItemProxy */ = {
			isa = PBXContainerItemProxy;
			containerPortal = 03428C4A2B9219580025849C /* Project object */;
			proxyType = 1;
			remoteGlobalIDString = 031C62C12CCA139200A865EC;
			remoteInfo = "Tap-to-Open-LWTExtension";
		};
		03428C732B9219590025849C /* PBXContainerItemProxy */ = {
			isa = PBXContainerItemProxy;
			containerPortal = 03428C4A2B9219580025849C /* Project object */;
			proxyType = 1;
			remoteGlobalIDString = 03428C552B9219580025849C;
			remoteInfo = "Linecom Wear Translate Watch App";
		};
		0349B2E62C47F9F400B820B5 /* PBXContainerItemProxy */ = {
			isa = PBXContainerItemProxy;
			containerPortal = 03428C4A2B9219580025849C /* Project object */;
			proxyType = 1;
			remoteGlobalIDString = 03428C552B9219580025849C;
			remoteInfo = "Linecom Wear Translate Watch App";
		};
/* End PBXContainerItemProxy section */

/* Begin PBXCopyFilesBuildPhase section */
		031C62D22CCA139300A865EC /* Embed Foundation Extensions */ = {
			isa = PBXCopyFilesBuildPhase;
			buildActionMask = 2147483647;
			dstPath = "";
			dstSubfolderSpec = 13;
			files = (
				031C62D12CCA139300A865EC /* Tap-to-Open-LWTExtension.appex in Embed Foundation Extensions */,
			);
			name = "Embed Foundation Extensions";
			runOnlyForDeploymentPostprocessing = 0;
		};
		0349B2E82C47F9F400B820B5 /* Embed Watch Content */ = {
			isa = PBXCopyFilesBuildPhase;
			buildActionMask = 2147483647;
			dstPath = "$(CONTENTS_FOLDER_PATH)/Watch";
			dstSubfolderSpec = 16;
			files = (
				0349B2E52C47F9F400B820B5 /* 澪空软件腕表翻译.app in Embed Watch Content */,
			);
			name = "Embed Watch Content";
			runOnlyForDeploymentPostprocessing = 0;
		};
		0349B3012C47FCCE00B820B5 /* Embed App Clips */ = {
			isa = PBXCopyFilesBuildPhase;
			buildActionMask = 2147483647;
			dstPath = "$(CONTENTS_FOLDER_PATH)/AppClips";
			dstSubfolderSpec = 16;
			files = (
			);
			name = "Embed App Clips";
			runOnlyForDeploymentPostprocessing = 0;
		};
/* End PBXCopyFilesBuildPhase section */

/* Begin PBXFileReference section */
		030F238F2BEFA17600E8D4FA /* BuyView.swift */ = {isa = PBXFileReference; lastKnownFileType = sourcecode.swift; path = BuyView.swift; sourceTree = "<group>"; };
		03120FC62BE285DF008D0B76 /* ExperimentView.swift */ = {isa = PBXFileReference; lastKnownFileType = sourcecode.swift; path = ExperimentView.swift; sourceTree = "<group>"; };
		031C62C22CCA139200A865EC /* Tap-to-Open-LWTExtension.appex */ = {isa = PBXFileReference; explicitFileType = "wrapper.app-extension"; includeInIndex = 0; path = "Tap-to-Open-LWTExtension.appex"; sourceTree = BUILT_PRODUCTS_DIR; };
		031C62C32CCA139200A865EC /* WidgetKit.framework */ = {isa = PBXFileReference; lastKnownFileType = wrapper.framework; name = WidgetKit.framework; path = System/Library/Frameworks/WidgetKit.framework; sourceTree = SDKROOT; };
		031C62C52CCA139200A865EC /* SwiftUI.framework */ = {isa = PBXFileReference; lastKnownFileType = wrapper.framework; name = SwiftUI.framework; path = System/Library/Frameworks/SwiftUI.framework; sourceTree = SDKROOT; };
		032898232CAAAEC30000B06D /* LinecomIDLoginView.swift */ = {isa = PBXFileReference; lastKnownFileType = sourcecode.swift; path = LinecomIDLoginView.swift; sourceTree = "<group>"; };
		032898342CAAB5740000B06D /* LinecomIDMgmtView.swift */ = {isa = PBXFileReference; lastKnownFileType = sourcecode.swift; path = LinecomIDMgmtView.swift; sourceTree = "<group>"; };
		032898442CAABE380000B06D /* ExpHistoryCTL.swift */ = {isa = PBXFileReference; lastKnownFileType = sourcecode.swift; path = ExpHistoryCTL.swift; sourceTree = "<group>"; };
		032898462CAAC5060000B06D /* HistoryView.swift */ = {isa = PBXFileReference; lastKnownFileType = sourcecode.swift; path = HistoryView.swift; sourceTree = "<group>"; };
		032898482CAAC5330000B06D /* HistoryDetailView.swift */ = {isa = PBXFileReference; lastKnownFileType = sourcecode.swift; path = HistoryDetailView.swift; sourceTree = "<group>"; };
		0328984A2CAAD1BA0000B06D /* LinecomIDLCloudSettingsView.swift */ = {isa = PBXFileReference; lastKnownFileType = sourcecode.swift; path = LinecomIDLCloudSettingsView.swift; sourceTree = "<group>"; };
		0328986B2CAAE3CD0000B06D /* WhatsNewView.swift */ = {isa = PBXFileReference; lastKnownFileType = sourcecode.swift; path = WhatsNewView.swift; sourceTree = "<group>"; };
		032898722CAB005E0000B06D /* Linecom Wear Translate Watch App.entitlements */ = {isa = PBXFileReference; lastKnownFileType = text.plist.entitlements; path = "Linecom Wear Translate Watch App.entitlements"; sourceTree = "<group>"; };
		033740D22C002DF800A7259F /* LinecomBase.swift */ = {isa = PBXFileReference; lastKnownFileType = sourcecode.swift; path = LinecomBase.swift; sourceTree = "<group>"; };
		03428C562B9219580025849C /* 澪空软件腕表翻译.app */ = {isa = PBXFileReference; explicitFileType = wrapper.application; includeInIndex = 0; path = "澪空软件腕表翻译.app"; sourceTree = BUILT_PRODUCTS_DIR; };
		03428C5B2B9219580025849C /* Linecom_Wear_TranslateApp.swift */ = {isa = PBXFileReference; lastKnownFileType = sourcecode.swift; path = Linecom_Wear_TranslateApp.swift; sourceTree = "<group>"; };
		03428C5D2B9219580025849C /* ContentView.swift */ = {isa = PBXFileReference; lastKnownFileType = sourcecode.swift; path = ContentView.swift; sourceTree = "<group>"; };
		03428C5F2B9219590025849C /* Assets.xcassets */ = {isa = PBXFileReference; lastKnownFileType = folder.assetcatalog; path = Assets.xcassets; sourceTree = "<group>"; };
		03428C622B9219590025849C /* Preview Assets.xcassets */ = {isa = PBXFileReference; lastKnownFileType = folder.assetcatalog; path = "Preview Assets.xcassets"; sourceTree = "<group>"; };
		03428C722B9219590025849C /* Linecom Wear Translate Watch AppUITests.xctest */ = {isa = PBXFileReference; explicitFileType = wrapper.cfbundle; includeInIndex = 0; path = "Linecom Wear Translate Watch AppUITests.xctest"; sourceTree = BUILT_PRODUCTS_DIR; };
		03428C762B9219590025849C /* Linecom_Wear_Translate_Watch_AppUITests.swift */ = {isa = PBXFileReference; lastKnownFileType = sourcecode.swift; path = Linecom_Wear_Translate_Watch_AppUITests.swift; sourceTree = "<group>"; };
		03428C782B9219590025849C /* Linecom_Wear_Translate_Watch_AppUITestsLaunchTests.swift */ = {isa = PBXFileReference; lastKnownFileType = sourcecode.swift; path = Linecom_Wear_Translate_Watch_AppUITestsLaunchTests.swift; sourceTree = "<group>"; };
		0349B2D62C47F9BE00B820B5 /* Linecom Wear Translate.app */ = {isa = PBXFileReference; explicitFileType = wrapper.application; includeInIndex = 0; path = "Linecom Wear Translate.app"; sourceTree = BUILT_PRODUCTS_DIR; };
		0349B2D82C47F9BF00B820B5 /* Linecom_Wear_TranslateApp.swift */ = {isa = PBXFileReference; lastKnownFileType = sourcecode.swift; path = Linecom_Wear_TranslateApp.swift; sourceTree = "<group>"; };
		0349B2DA2C47F9BF00B820B5 /* ContentView.swift */ = {isa = PBXFileReference; lastKnownFileType = sourcecode.swift; path = ContentView.swift; sourceTree = "<group>"; };
		0349B2DC2C47F9BF00B820B5 /* Assets.xcassets */ = {isa = PBXFileReference; lastKnownFileType = folder.assetcatalog; path = Assets.xcassets; sourceTree = "<group>"; };
		0349B2DF2C47F9BF00B820B5 /* Preview Assets.xcassets */ = {isa = PBXFileReference; lastKnownFileType = folder.assetcatalog; path = "Preview Assets.xcassets"; sourceTree = "<group>"; };
		0349B2E92C47FA3E00B820B5 /* Linecom-Wear-Translate-Info.plist */ = {isa = PBXFileReference; lastKnownFileType = text.plist; path = "Linecom-Wear-Translate-Info.plist"; sourceTree = SOURCE_ROOT; };
		034B96072BB7CCD4005D757D /* PrivacyInfo.xcprivacy */ = {isa = PBXFileReference; lastKnownFileType = text.xml; path = PrivacyInfo.xcprivacy; sourceTree = "<group>"; };
		036F3C8D2B92342B0080194C /* md5c.swift */ = {isa = PBXFileReference; lastKnownFileType = sourcecode.swift; path = md5c.swift; sourceTree = "<group>"; };
		036F3C8F2B9243FD0080194C /* OtherViews.swift */ = {isa = PBXFileReference; lastKnownFileType = sourcecode.swift; path = OtherViews.swift; sourceTree = "<group>"; };
		03A1615D2CAD8B6600E9FC90 /* AppDelegate.swift */ = {isa = PBXFileReference; lastKnownFileType = sourcecode.swift; path = AppDelegate.swift; sourceTree = "<group>"; };
		03BB21022C2EA3960048BF18 /* WYWTranslate.swift */ = {isa = PBXFileReference; lastKnownFileType = sourcecode.swift; path = WYWTranslate.swift; sourceTree = "<group>"; };
		03D39BA72BAF342D0075EC3D /* Localizable.xcstrings */ = {isa = PBXFileReference; lastKnownFileType = text.json.xcstrings; path = Localizable.xcstrings; sourceTree = "<group>"; };
		03DD72F52BF08AD1002DFB5D /* UpdateView.swift */ = {isa = PBXFileReference; lastKnownFileType = sourcecode.swift; path = UpdateView.swift; sourceTree = "<group>"; };
		03ED88E42C5086E10065C896 /* icon.png */ = {isa = PBXFileReference; lastKnownFileType = image.png; path = icon.png; sourceTree = "<group>"; };
/* End PBXFileReference section */

/* Begin PBXFileSystemSynchronizedBuildFileExceptionSet section */
		031C62D52CCA139300A865EC /* PBXFileSystemSynchronizedBuildFileExceptionSet */ = {
			isa = PBXFileSystemSynchronizedBuildFileExceptionSet;
			membershipExceptions = (
				Info.plist,
			);
			target = 031C62C12CCA139200A865EC /* Tap-to-Open-LWTExtension */;
		};
/* End PBXFileSystemSynchronizedBuildFileExceptionSet section */

/* Begin PBXFileSystemSynchronizedRootGroup section */
		031C62C72CCA139200A865EC /* Tap-to-Open-LWT */ = {isa = PBXFileSystemSynchronizedRootGroup; exceptions = (031C62D52CCA139300A865EC /* PBXFileSystemSynchronizedBuildFileExceptionSet */, ); explicitFileTypes = {}; explicitFolders = (); path = "Tap-to-Open-LWT"; sourceTree = "<group>"; };
/* End PBXFileSystemSynchronizedRootGroup section */

/* Begin PBXFrameworksBuildPhase section */
		031C62BF2CCA139200A865EC /* Frameworks */ = {
			isa = PBXFrameworksBuildPhase;
			buildActionMask = 2147483647;
			files = (
				031C62C62CCA139200A865EC /* SwiftUI.framework in Frameworks */,
				031C62C42CCA139200A865EC /* WidgetKit.framework in Frameworks */,
			);
			runOnlyForDeploymentPostprocessing = 0;
		};
		03428C532B9219580025849C /* Frameworks */ = {
			isa = PBXFrameworksBuildPhase;
			buildActionMask = 2147483647;
			files = (
				032898712CAAF96E0000B06D /* Dynamic in Frameworks */,
				030F238E2BEF9EA700E8D4FA /* SwiftyStoreKit in Frameworks */,
				0333FBE32BE7C9DF00D7AF33 /* CepheusKeyboardKit in Frameworks */,
				036F3C8C2B9232060080194C /* DarockKit in Frameworks */,
				03C7A9F42C30280E00EFE72C /* MarkdownUI in Frameworks */,
				03C7A9F72C30287900EFE72C /* SupportsUICore in Frameworks */,
			);
			runOnlyForDeploymentPostprocessing = 0;
		};
		03428C6F2B9219590025849C /* Frameworks */ = {
			isa = PBXFrameworksBuildPhase;
			buildActionMask = 2147483647;
			files = (
			);
			runOnlyForDeploymentPostprocessing = 0;
		};
		0349B2D32C47F9BE00B820B5 /* Frameworks */ = {
			isa = PBXFrameworksBuildPhase;
			buildActionMask = 2147483647;
			files = (
			);
			runOnlyForDeploymentPostprocessing = 0;
		};
/* End PBXFrameworksBuildPhase section */

/* Begin PBXGroup section */
		032898252CAAAEC80000B06D /* LinecomID */ = {
			isa = PBXGroup;
			children = (
				032898232CAAAEC30000B06D /* LinecomIDLoginView.swift */,
				032898342CAAB5740000B06D /* LinecomIDMgmtView.swift */,
				0328984A2CAAD1BA0000B06D /* LinecomIDLCloudSettingsView.swift */,
			);
			path = LinecomID;
			sourceTree = "<group>";
		};
		032898682CAAE34E0000B06D /* History */ = {
			isa = PBXGroup;
			children = (
				032898442CAABE380000B06D /* ExpHistoryCTL.swift */,
				032898462CAAC5060000B06D /* HistoryView.swift */,
				032898482CAAC5330000B06D /* HistoryDetailView.swift */,
			);
			path = History;
			sourceTree = "<group>";
		};
		032898692CAAE3670000B06D /* Settings */ = {
			isa = PBXGroup;
			children = (
				03DD72F52BF08AD1002DFB5D /* UpdateView.swift */,
				03120FC62BE285DF008D0B76 /* ExperimentView.swift */,
				036F3C8F2B9243FD0080194C /* OtherViews.swift */,
			);
			path = Settings;
			sourceTree = "<group>";
		};
		0328986A2CAAE39E0000B06D /* Include */ = {
			isa = PBXGroup;
			children = (
				033740D22C002DF800A7259F /* LinecomBase.swift */,
				036F3C8D2B92342B0080194C /* md5c.swift */,
			);
			path = Include;
			sourceTree = "<group>";
		};
		03428C492B9219580025849C = {
			isa = PBXGroup;
			children = (
				034B96072BB7CCD4005D757D /* PrivacyInfo.xcprivacy */,
				03D39BA72BAF342D0075EC3D /* Localizable.xcstrings */,
				03ED88E42C5086E10065C896 /* icon.png */,
				03428C5A2B9219580025849C /* Linecom Wear Translate Watch App */,
				03428C752B9219590025849C /* Linecom Wear Translate Watch AppUITests */,
				0349B2D72C47F9BE00B820B5 /* Linecom Wear Translate */,
				031C62C72CCA139200A865EC /* Tap-to-Open-LWT */,
				03428C512B9219580025849C /* Products */,
				0349B2E42C47F9F400B820B5 /* Frameworks */,
			);
			sourceTree = "<group>";
		};
		03428C512B9219580025849C /* Products */ = {
			isa = PBXGroup;
			children = (
				03428C562B9219580025849C /* 澪空软件腕表翻译.app */,
				03428C722B9219590025849C /* Linecom Wear Translate Watch AppUITests.xctest */,
				0349B2D62C47F9BE00B820B5 /* Linecom Wear Translate.app */,
				031C62C22CCA139200A865EC /* Tap-to-Open-LWTExtension.appex */,
			);
			name = Products;
			sourceTree = "<group>";
		};
		03428C5A2B9219580025849C /* Linecom Wear Translate Watch App */ = {
			isa = PBXGroup;
			children = (
				032898722CAB005E0000B06D /* Linecom Wear Translate Watch App.entitlements */,
				03428C5B2B9219580025849C /* Linecom_Wear_TranslateApp.swift */,
				03428C5D2B9219580025849C /* ContentView.swift */,
				03A1615D2CAD8B6600E9FC90 /* AppDelegate.swift */,
				0328986B2CAAE3CD0000B06D /* WhatsNewView.swift */,
				03BB21022C2EA3960048BF18 /* WYWTranslate.swift */,
				030F238F2BEFA17600E8D4FA /* BuyView.swift */,
				03428C5F2B9219590025849C /* Assets.xcassets */,
				0328986A2CAAE39E0000B06D /* Include */,
				032898682CAAE34E0000B06D /* History */,
				032898252CAAAEC80000B06D /* LinecomID */,
				032898692CAAE3670000B06D /* Settings */,
				03428C612B9219590025849C /* Preview Content */,
			);
			path = "Linecom Wear Translate Watch App";
			sourceTree = "<group>";
		};
		03428C612B9219590025849C /* Preview Content */ = {
			isa = PBXGroup;
			children = (
				03428C622B9219590025849C /* Preview Assets.xcassets */,
			);
			path = "Preview Content";
			sourceTree = "<group>";
		};
		03428C752B9219590025849C /* Linecom Wear Translate Watch AppUITests */ = {
			isa = PBXGroup;
			children = (
				03428C762B9219590025849C /* Linecom_Wear_Translate_Watch_AppUITests.swift */,
				03428C782B9219590025849C /* Linecom_Wear_Translate_Watch_AppUITestsLaunchTests.swift */,
			);
			path = "Linecom Wear Translate Watch AppUITests";
			sourceTree = "<group>";
		};
		0349B2D72C47F9BE00B820B5 /* Linecom Wear Translate */ = {
			isa = PBXGroup;
			children = (
				0349B2E92C47FA3E00B820B5 /* Linecom-Wear-Translate-Info.plist */,
				0349B2D82C47F9BF00B820B5 /* Linecom_Wear_TranslateApp.swift */,
				0349B2DA2C47F9BF00B820B5 /* ContentView.swift */,
				0349B2DC2C47F9BF00B820B5 /* Assets.xcassets */,
				0349B2DE2C47F9BF00B820B5 /* Preview Content */,
			);
			path = "Linecom Wear Translate";
			sourceTree = "<group>";
		};
		0349B2DE2C47F9BF00B820B5 /* Preview Content */ = {
			isa = PBXGroup;
			children = (
				0349B2DF2C47F9BF00B820B5 /* Preview Assets.xcassets */,
			);
			path = "Preview Content";
			sourceTree = "<group>";
		};
		0349B2E42C47F9F400B820B5 /* Frameworks */ = {
			isa = PBXGroup;
			children = (
				031C62C32CCA139200A865EC /* WidgetKit.framework */,
				031C62C52CCA139200A865EC /* SwiftUI.framework */,
			);
			name = Frameworks;
			sourceTree = "<group>";
		};
/* End PBXGroup section */

/* Begin PBXNativeTarget section */
		031C62C12CCA139200A865EC /* Tap-to-Open-LWTExtension */ = {
			isa = PBXNativeTarget;
			buildConfigurationList = 031C62D62CCA139300A865EC /* Build configuration list for PBXNativeTarget "Tap-to-Open-LWTExtension" */;
			buildPhases = (
				031C62BE2CCA139200A865EC /* Sources */,
				031C62BF2CCA139200A865EC /* Frameworks */,
				031C62C02CCA139200A865EC /* Resources */,
			);
			buildRules = (
			);
			dependencies = (
			);
			fileSystemSynchronizedGroups = (
				031C62C72CCA139200A865EC /* Tap-to-Open-LWT */,
			);
			name = "Tap-to-Open-LWTExtension";
			packageProductDependencies = (
			);
			productName = "Tap-to-Open-LWTExtension";
			productReference = 031C62C22CCA139200A865EC /* Tap-to-Open-LWTExtension.appex */;
			productType = "com.apple.product-type.app-extension";
		};
		03428C552B9219580025849C /* Linecom Wear Translate Watch App */ = {
			isa = PBXNativeTarget;
			buildConfigurationList = 03428C7C2B9219590025849C /* Build configuration list for PBXNativeTarget "Linecom Wear Translate Watch App" */;
			buildPhases = (
				03428C522B9219580025849C /* Sources */,
				03428C532B9219580025849C /* Frameworks */,
				03428C542B9219580025849C /* Resources */,
				031C62D22CCA139300A865EC /* Embed Foundation Extensions */,
			);
			buildRules = (
			);
			dependencies = (
				031C62D02CCA139300A865EC /* PBXTargetDependency */,
			);
			name = "Linecom Wear Translate Watch App";
			packageProductDependencies = (
				036F3C8B2B9232060080194C /* DarockKit */,
				0333FBE22BE7C9DF00D7AF33 /* CepheusKeyboardKit */,
				030F238D2BEF9EA700E8D4FA /* SwiftyStoreKit */,
				03C7A9F32C30280E00EFE72C /* MarkdownUI */,
				03C7A9F62C30287900EFE72C /* SupportsUICore */,
				032898702CAAF96E0000B06D /* Dynamic */,
			);
			productName = "Linecom Wear Translate Watch App";
			productReference = 03428C562B9219580025849C /* 澪空软件腕表翻译.app */;
			productType = "com.apple.product-type.application";
		};
		03428C712B9219590025849C /* Linecom Wear Translate Watch AppUITests */ = {
			isa = PBXNativeTarget;
			buildConfigurationList = 03428C862B9219590025849C /* Build configuration list for PBXNativeTarget "Linecom Wear Translate Watch AppUITests" */;
			buildPhases = (
				03428C6E2B9219590025849C /* Sources */,
				03428C6F2B9219590025849C /* Frameworks */,
				03428C702B9219590025849C /* Resources */,
			);
			buildRules = (
			);
			dependencies = (
				03428C742B9219590025849C /* PBXTargetDependency */,
			);
			name = "Linecom Wear Translate Watch AppUITests";
			productName = "Linecom Wear Translate Watch AppUITests";
			productReference = 03428C722B9219590025849C /* Linecom Wear Translate Watch AppUITests.xctest */;
			productType = "com.apple.product-type.bundle.ui-testing";
		};
		0349B2D52C47F9BE00B820B5 /* Linecom Wear Translate */ = {
			isa = PBXNativeTarget;
			buildConfigurationList = 0349B2E12C47F9BF00B820B5 /* Build configuration list for PBXNativeTarget "Linecom Wear Translate" */;
			buildPhases = (
				0349B2D22C47F9BE00B820B5 /* Sources */,
				0349B2D32C47F9BE00B820B5 /* Frameworks */,
				0349B2D42C47F9BE00B820B5 /* Resources */,
				0349B2E82C47F9F400B820B5 /* Embed Watch Content */,
				0349B3012C47FCCE00B820B5 /* Embed App Clips */,
			);
			buildRules = (
			);
			dependencies = (
				0349B2E72C47F9F400B820B5 /* PBXTargetDependency */,
				031C62EA2CCA1E1000A865EC /* PBXTargetDependency */,
				031C62EC2CCA1E1300A865EC /* PBXTargetDependency */,
			);
			name = "Linecom Wear Translate";
			productName = "Linecom Wear Translate";
			productReference = 0349B2D62C47F9BE00B820B5 /* Linecom Wear Translate.app */;
			productType = "com.apple.product-type.application";
		};
/* End PBXNativeTarget section */

/* Begin PBXProject section */
		03428C4A2B9219580025849C /* Project object */ = {
			isa = PBXProject;
			attributes = {
				BuildIndependentTargetsInParallel = 1;
				LastSwiftUpdateCheck = 1600;
				LastUpgradeCheck = 1600;
				TargetAttributes = {
					031C62C12CCA139200A865EC = {
						CreatedOnToolsVersion = 16.0;
					};
					03428C552B9219580025849C = {
						CreatedOnToolsVersion = 15.2;
					};
					03428C712B9219590025849C = {
						CreatedOnToolsVersion = 15.2;
						TestTargetID = 03428C552B9219580025849C;
					};
					0349B2D52C47F9BE00B820B5 = {
						CreatedOnToolsVersion = 16.0;
					};
				};
			};
			buildConfigurationList = 03428C4D2B9219580025849C /* Build configuration list for PBXProject "Linecom Wear Translate" */;
			compatibilityVersion = "Xcode 14.0";
			developmentRegion = "zh-Hans";
			hasScannedForEncodings = 0;
			knownRegions = (
				Base,
				"zh-Hans",
				en,
				"zh-Hant",
			);
			mainGroup = 03428C492B9219580025849C;
			packageReferences = (
				036F3C8A2B9232060080194C /* XCRemoteSwiftPackageReference "DarockKit" */,
				0333FBE12BE7C9DF00D7AF33 /* XCRemoteSwiftPackageReference "Cepheus" */,
				030F238C2BEF9EA700E8D4FA /* XCRemoteSwiftPackageReference "SwiftyStoreKit" */,
				03C7A9F22C30280E00EFE72C /* XCRemoteSwiftPackageReference "swift-markdown-ui" */,
				03C7A9F52C30287900EFE72C /* XCRemoteSwiftPackageReference "SupportsUICore" */,
				0328986F2CAAF96E0000B06D /* XCRemoteSwiftPackageReference "Dynamic" */,
			);
			productRefGroup = 03428C512B9219580025849C /* Products */;
			projectDirPath = "";
			projectRoot = "";
			targets = (
				0349B2D52C47F9BE00B820B5 /* Linecom Wear Translate */,
				03428C552B9219580025849C /* Linecom Wear Translate Watch App */,
				03428C712B9219590025849C /* Linecom Wear Translate Watch AppUITests */,
				031C62C12CCA139200A865EC /* Tap-to-Open-LWTExtension */,
			);
		};
/* End PBXProject section */

/* Begin PBXResourcesBuildPhase section */
		031C62C02CCA139200A865EC /* Resources */ = {
			isa = PBXResourcesBuildPhase;
			buildActionMask = 2147483647;
			files = (
			);
			runOnlyForDeploymentPostprocessing = 0;
		};
		03428C542B9219580025849C /* Resources */ = {
			isa = PBXResourcesBuildPhase;
			buildActionMask = 2147483647;
			files = (
				03428C632B9219590025849C /* Preview Assets.xcassets in Resources */,
				03428C602B9219590025849C /* Assets.xcassets in Resources */,
				034B96092BB7CCD4005D757D /* PrivacyInfo.xcprivacy in Resources */,
				03D39BA92BAF34410075EC3D /* Localizable.xcstrings in Resources */,
			);
			runOnlyForDeploymentPostprocessing = 0;
		};
		03428C702B9219590025849C /* Resources */ = {
			isa = PBXResourcesBuildPhase;
			buildActionMask = 2147483647;
			files = (
			);
			runOnlyForDeploymentPostprocessing = 0;
		};
		0349B2D42C47F9BE00B820B5 /* Resources */ = {
			isa = PBXResourcesBuildPhase;
			buildActionMask = 2147483647;
			files = (
				0349B2E02C47F9BF00B820B5 /* Preview Assets.xcassets in Resources */,
				0349B2DD2C47F9BF00B820B5 /* Assets.xcassets in Resources */,
				03ED88E52C5086E10065C896 /* icon.png in Resources */,
			);
			runOnlyForDeploymentPostprocessing = 0;
		};
/* End PBXResourcesBuildPhase section */

/* Begin PBXSourcesBuildPhase section */
		031C62BE2CCA139200A865EC /* Sources */ = {
			isa = PBXSourcesBuildPhase;
			buildActionMask = 2147483647;
			files = (
			);
			runOnlyForDeploymentPostprocessing = 0;
		};
		03428C522B9219580025849C /* Sources */ = {
			isa = PBXSourcesBuildPhase;
			buildActionMask = 2147483647;
			files = (
				036F3C902B9243FD0080194C /* OtherViews.swift in Sources */,
				0328986C2CAAE3CD0000B06D /* WhatsNewView.swift in Sources */,
				03DD72F62BF08AD1002DFB5D /* UpdateView.swift in Sources */,
				03BB21032C2EA3960048BF18 /* WYWTranslate.swift in Sources */,
				03428C5E2B9219580025849C /* ContentView.swift in Sources */,
				036F3C8E2B92342B0080194C /* md5c.swift in Sources */,
				030F23902BEFA17600E8D4FA /* BuyView.swift in Sources */,
				033740D32C002DF800A7259F /* LinecomBase.swift in Sources */,
				032898492CAAC5330000B06D /* HistoryDetailView.swift in Sources */,
				032898472CAAC5060000B06D /* HistoryView.swift in Sources */,
				03428C5C2B9219580025849C /* Linecom_Wear_TranslateApp.swift in Sources */,
				032898242CAAAEC30000B06D /* LinecomIDLoginView.swift in Sources */,
				03A1615E2CAD8B6600E9FC90 /* AppDelegate.swift in Sources */,
				03120FC72BE285DF008D0B76 /* ExperimentView.swift in Sources */,
				032898452CAABE380000B06D /* ExpHistoryCTL.swift in Sources */,
				0328984B2CAAD1BA0000B06D /* LinecomIDLCloudSettingsView.swift in Sources */,
				032898352CAAB5740000B06D /* LinecomIDMgmtView.swift in Sources */,
			);
			runOnlyForDeploymentPostprocessing = 0;
		};
		03428C6E2B9219590025849C /* Sources */ = {
			isa = PBXSourcesBuildPhase;
			buildActionMask = 2147483647;
			files = (
				03428C792B9219590025849C /* Linecom_Wear_Translate_Watch_AppUITestsLaunchTests.swift in Sources */,
				03428C772B9219590025849C /* Linecom_Wear_Translate_Watch_AppUITests.swift in Sources */,
			);
			runOnlyForDeploymentPostprocessing = 0;
		};
		0349B2D22C47F9BE00B820B5 /* Sources */ = {
			isa = PBXSourcesBuildPhase;
			buildActionMask = 2147483647;
			files = (
				0349B2DB2C47F9BF00B820B5 /* ContentView.swift in Sources */,
				0349B2D92C47F9BF00B820B5 /* Linecom_Wear_TranslateApp.swift in Sources */,
			);
			runOnlyForDeploymentPostprocessing = 0;
		};
/* End PBXSourcesBuildPhase section */

/* Begin PBXTargetDependency section */
		031C62D02CCA139300A865EC /* PBXTargetDependency */ = {
			isa = PBXTargetDependency;
			target = 031C62C12CCA139200A865EC /* Tap-to-Open-LWTExtension */;
			targetProxy = 031C62CF2CCA139300A865EC /* PBXContainerItemProxy */;
		};
		031C62EA2CCA1E1000A865EC /* PBXTargetDependency */ = {
			isa = PBXTargetDependency;
			target = 031C62C12CCA139200A865EC /* Tap-to-Open-LWTExtension */;
			targetProxy = 031C62E92CCA1E1000A865EC /* PBXContainerItemProxy */;
		};
		031C62EC2CCA1E1300A865EC /* PBXTargetDependency */ = {
			isa = PBXTargetDependency;
			target = 031C62C12CCA139200A865EC /* Tap-to-Open-LWTExtension */;
			targetProxy = 031C62EB2CCA1E1300A865EC /* PBXContainerItemProxy */;
		};
		03428C742B9219590025849C /* PBXTargetDependency */ = {
			isa = PBXTargetDependency;
			target = 03428C552B9219580025849C /* Linecom Wear Translate Watch App */;
			targetProxy = 03428C732B9219590025849C /* PBXContainerItemProxy */;
		};
		0349B2E72C47F9F400B820B5 /* PBXTargetDependency */ = {
			isa = PBXTargetDependency;
			target = 03428C552B9219580025849C /* Linecom Wear Translate Watch App */;
			targetProxy = 0349B2E62C47F9F400B820B5 /* PBXContainerItemProxy */;
		};
/* End PBXTargetDependency section */

/* Begin XCBuildConfiguration section */
		031C62D32CCA139300A865EC /* Debug */ = {
			isa = XCBuildConfiguration;
			buildSettings = {
				ASSETCATALOG_COMPILER_GLOBAL_ACCENT_COLOR_NAME = AccentColor;
				ASSETCATALOG_COMPILER_WIDGET_BACKGROUND_COLOR_NAME = WidgetBackground;
				CODE_SIGN_STYLE = Automatic;
				CURRENT_PROJECT_VERSION = 1;
				DEVELOPMENT_TEAM = B38QUJMY47;
				GENERATE_INFOPLIST_FILE = YES;
				INFOPLIST_FILE = "Tap-to-Open-LWT/Info.plist";
				INFOPLIST_KEY_CFBundleDisplayName = "Tap-to-Open-LWT";
				INFOPLIST_KEY_NSHumanReadableCopyright = "";
				LD_RUNPATH_SEARCH_PATHS = (
					"$(inherited)",
					"@executable_path/Frameworks",
					"@executable_path/../../Frameworks",
					"@executable_path/../../../../Frameworks",
				);
				MARKETING_VERSION = 1.1.2;
				PRODUCT_BUNDLE_IDENTIFIER = "com.linecom.weartranslate.watchkitapp.Tap-to-Open-LWT";
				PRODUCT_NAME = "$(TARGET_NAME)";
				SDKROOT = watchos;
				SKIP_INSTALL = YES;
				SWIFT_EMIT_LOC_STRINGS = YES;
				SWIFT_VERSION = 5.0;
				TARGETED_DEVICE_FAMILY = 4;
				WATCHOS_DEPLOYMENT_TARGET = 10.0;
			};
			name = Debug;
		};
		031C62D42CCA139300A865EC /* Release */ = {
			isa = XCBuildConfiguration;
			buildSettings = {
				ASSETCATALOG_COMPILER_GLOBAL_ACCENT_COLOR_NAME = AccentColor;
				ASSETCATALOG_COMPILER_WIDGET_BACKGROUND_COLOR_NAME = WidgetBackground;
				CODE_SIGN_STYLE = Automatic;
				CURRENT_PROJECT_VERSION = 1;
				DEVELOPMENT_TEAM = B38QUJMY47;
				GENERATE_INFOPLIST_FILE = YES;
				INFOPLIST_FILE = "Tap-to-Open-LWT/Info.plist";
				INFOPLIST_KEY_CFBundleDisplayName = "Tap-to-Open-LWT";
				INFOPLIST_KEY_NSHumanReadableCopyright = "";
				LD_RUNPATH_SEARCH_PATHS = (
					"$(inherited)",
					"@executable_path/Frameworks",
					"@executable_path/../../Frameworks",
					"@executable_path/../../../../Frameworks",
				);
				MARKETING_VERSION = 1.1.2;
				PRODUCT_BUNDLE_IDENTIFIER = "com.linecom.weartranslate.watchkitapp.Tap-to-Open-LWT";
				PRODUCT_NAME = "$(TARGET_NAME)";
				SDKROOT = watchos;
				SKIP_INSTALL = YES;
				SWIFT_EMIT_LOC_STRINGS = YES;
				SWIFT_VERSION = 5.0;
				TARGETED_DEVICE_FAMILY = 4;
				VALIDATE_PRODUCT = YES;
				WATCHOS_DEPLOYMENT_TARGET = 10.0;
			};
			name = Release;
		};
		03428C7A2B9219590025849C /* Debug */ = {
			isa = XCBuildConfiguration;
			buildSettings = {
				ALWAYS_SEARCH_USER_PATHS = NO;
				ASSETCATALOG_COMPILER_GENERATE_SWIFT_ASSET_SYMBOL_EXTENSIONS = YES;
				CLANG_ANALYZER_LOCALIZABILITY_NONLOCALIZED = YES;
				CLANG_ANALYZER_NONNULL = YES;
				CLANG_ANALYZER_NUMBER_OBJECT_CONVERSION = YES_AGGRESSIVE;
				CLANG_CXX_LANGUAGE_STANDARD = "gnu++20";
				CLANG_ENABLE_MODULES = YES;
				CLANG_ENABLE_OBJC_ARC = YES;
				CLANG_ENABLE_OBJC_WEAK = YES;
				CLANG_WARN_BLOCK_CAPTURE_AUTORELEASING = YES;
				CLANG_WARN_BOOL_CONVERSION = YES;
				CLANG_WARN_COMMA = YES;
				CLANG_WARN_CONSTANT_CONVERSION = YES;
				CLANG_WARN_DEPRECATED_OBJC_IMPLEMENTATIONS = YES;
				CLANG_WARN_DIRECT_OBJC_ISA_USAGE = YES_ERROR;
				CLANG_WARN_DOCUMENTATION_COMMENTS = YES;
				CLANG_WARN_EMPTY_BODY = YES;
				CLANG_WARN_ENUM_CONVERSION = YES;
				CLANG_WARN_INFINITE_RECURSION = YES;
				CLANG_WARN_INT_CONVERSION = YES;
				CLANG_WARN_NON_LITERAL_NULL_CONVERSION = YES;
				CLANG_WARN_OBJC_IMPLICIT_RETAIN_SELF = YES;
				CLANG_WARN_OBJC_LITERAL_CONVERSION = YES;
				CLANG_WARN_OBJC_ROOT_CLASS = YES_ERROR;
				CLANG_WARN_QUOTED_INCLUDE_IN_FRAMEWORK_HEADER = YES;
				CLANG_WARN_RANGE_LOOP_ANALYSIS = YES;
				CLANG_WARN_STRICT_PROTOTYPES = YES;
				CLANG_WARN_SUSPICIOUS_MOVE = YES;
				CLANG_WARN_UNGUARDED_AVAILABILITY = YES_AGGRESSIVE;
				CLANG_WARN_UNREACHABLE_CODE = YES;
				CLANG_WARN__DUPLICATE_METHOD_MATCH = YES;
				COPY_PHASE_STRIP = NO;
				DEAD_CODE_STRIPPING = YES;
				DEBUG_INFORMATION_FORMAT = dwarf;
				ENABLE_STRICT_OBJC_MSGSEND = YES;
				ENABLE_TESTABILITY = YES;
				ENABLE_USER_SCRIPT_SANDBOXING = YES;
				GCC_C_LANGUAGE_STANDARD = gnu17;
				GCC_DYNAMIC_NO_PIC = NO;
				GCC_NO_COMMON_BLOCKS = YES;
				GCC_OPTIMIZATION_LEVEL = 0;
				GCC_PREPROCESSOR_DEFINITIONS = (
					"DEBUG=1",
					"$(inherited)",
				);
				GCC_WARN_64_TO_32_BIT_CONVERSION = YES;
				GCC_WARN_ABOUT_RETURN_TYPE = YES_ERROR;
				GCC_WARN_UNDECLARED_SELECTOR = YES;
				GCC_WARN_UNINITIALIZED_AUTOS = YES_AGGRESSIVE;
				GCC_WARN_UNUSED_FUNCTION = YES;
				GCC_WARN_UNUSED_VARIABLE = YES;
				ITSAppUsesNonExemptEncryption = NO;
				LOCALIZATION_PREFERS_STRING_CATALOGS = YES;
				MTL_ENABLE_DEBUG_INFO = INCLUDE_SOURCE;
				MTL_FAST_MATH = YES;
				ONLY_ACTIVE_ARCH = YES;
				SWIFT_ACTIVE_COMPILATION_CONDITIONS = "DEBUG $(inherited)";
				SWIFT_OPTIMIZATION_LEVEL = "-Onone";
			};
			name = Debug;
		};
		03428C7B2B9219590025849C /* Release */ = {
			isa = XCBuildConfiguration;
			buildSettings = {
				ALWAYS_SEARCH_USER_PATHS = NO;
				ASSETCATALOG_COMPILER_GENERATE_SWIFT_ASSET_SYMBOL_EXTENSIONS = YES;
				CLANG_ANALYZER_LOCALIZABILITY_NONLOCALIZED = YES;
				CLANG_ANALYZER_NONNULL = YES;
				CLANG_ANALYZER_NUMBER_OBJECT_CONVERSION = YES_AGGRESSIVE;
				CLANG_CXX_LANGUAGE_STANDARD = "gnu++20";
				CLANG_ENABLE_MODULES = YES;
				CLANG_ENABLE_OBJC_ARC = YES;
				CLANG_ENABLE_OBJC_WEAK = YES;
				CLANG_WARN_BLOCK_CAPTURE_AUTORELEASING = YES;
				CLANG_WARN_BOOL_CONVERSION = YES;
				CLANG_WARN_COMMA = YES;
				CLANG_WARN_CONSTANT_CONVERSION = YES;
				CLANG_WARN_DEPRECATED_OBJC_IMPLEMENTATIONS = YES;
				CLANG_WARN_DIRECT_OBJC_ISA_USAGE = YES_ERROR;
				CLANG_WARN_DOCUMENTATION_COMMENTS = YES;
				CLANG_WARN_EMPTY_BODY = YES;
				CLANG_WARN_ENUM_CONVERSION = YES;
				CLANG_WARN_INFINITE_RECURSION = YES;
				CLANG_WARN_INT_CONVERSION = YES;
				CLANG_WARN_NON_LITERAL_NULL_CONVERSION = YES;
				CLANG_WARN_OBJC_IMPLICIT_RETAIN_SELF = YES;
				CLANG_WARN_OBJC_LITERAL_CONVERSION = YES;
				CLANG_WARN_OBJC_ROOT_CLASS = YES_ERROR;
				CLANG_WARN_QUOTED_INCLUDE_IN_FRAMEWORK_HEADER = YES;
				CLANG_WARN_RANGE_LOOP_ANALYSIS = YES;
				CLANG_WARN_STRICT_PROTOTYPES = YES;
				CLANG_WARN_SUSPICIOUS_MOVE = YES;
				CLANG_WARN_UNGUARDED_AVAILABILITY = YES_AGGRESSIVE;
				CLANG_WARN_UNREACHABLE_CODE = YES;
				CLANG_WARN__DUPLICATE_METHOD_MATCH = YES;
				COPY_PHASE_STRIP = NO;
				DEAD_CODE_STRIPPING = YES;
				DEBUG_INFORMATION_FORMAT = "dwarf-with-dsym";
				ENABLE_NS_ASSERTIONS = NO;
				ENABLE_STRICT_OBJC_MSGSEND = YES;
				ENABLE_USER_SCRIPT_SANDBOXING = YES;
				GCC_C_LANGUAGE_STANDARD = gnu17;
				GCC_NO_COMMON_BLOCKS = YES;
				GCC_WARN_64_TO_32_BIT_CONVERSION = YES;
				GCC_WARN_ABOUT_RETURN_TYPE = YES_ERROR;
				GCC_WARN_UNDECLARED_SELECTOR = YES;
				GCC_WARN_UNINITIALIZED_AUTOS = YES_AGGRESSIVE;
				GCC_WARN_UNUSED_FUNCTION = YES;
				GCC_WARN_UNUSED_VARIABLE = YES;
				ITSAppUsesNonExemptEncryption = NO;
				LOCALIZATION_PREFERS_STRING_CATALOGS = YES;
				MTL_ENABLE_DEBUG_INFO = NO;
				MTL_FAST_MATH = YES;
				ONLY_ACTIVE_ARCH = YES;
				SWIFT_COMPILATION_MODE = wholemodule;
			};
			name = Release;
		};
		03428C7D2B9219590025849C /* Debug */ = {
			isa = XCBuildConfiguration;
			buildSettings = {
				ASSETCATALOG_COMPILER_APPICON_NAME = AppIcon;
				ASSETCATALOG_COMPILER_GLOBAL_ACCENT_COLOR_NAME = AccentColor;
				CODE_SIGN_ENTITLEMENTS = "Linecom Wear Translate Watch App/Linecom Wear Translate Watch App.entitlements";
				CODE_SIGN_STYLE = Automatic;
				CURRENT_PROJECT_VERSION = 1;
				DEVELOPMENT_ASSET_PATHS = "\"Linecom Wear Translate Watch App/Preview Content\"";
				DEVELOPMENT_TEAM = B38QUJMY47;
				ENABLE_PREVIEWS = YES;
				GENERATE_INFOPLIST_FILE = YES;
				INFOPLIST_FILE = "Linecom-Wear-Translate-Watch-App-Info.plist";
				INFOPLIST_KEY_CFBundleDisplayName = "澪空软件腕表翻译";
				INFOPLIST_KEY_UISupportedInterfaceOrientations = "UIInterfaceOrientationPortrait UIInterfaceOrientationPortraitUpsideDown";
				INFOPLIST_KEY_WKCompanionAppBundleIdentifier = com.linecom.weartranslate;
				INFOPLIST_KEY_WKRunsIndependentlyOfCompanionApp = YES;
				INFOPLIST_KEY_WKWatchOnly = NO;
				LD_RUNPATH_SEARCH_PATHS = (
					"$(inherited)",
					"@executable_path/Frameworks",
				);
				MARKETING_VERSION = 1.1.2;
				PRODUCT_BUNDLE_IDENTIFIER = com.linecom.weartranslate.watchkitapp;
				PRODUCT_NAME = "澪空软件腕表翻译";
				SDKROOT = watchos;
				SKIP_INSTALL = YES;
				SWIFT_EMIT_LOC_STRINGS = YES;
				SWIFT_VERSION = 5.0;
				TARGETED_DEVICE_FAMILY = 4;
				WATCHOS_DEPLOYMENT_TARGET = 9.0;
			};
			name = Debug;
		};
		03428C7E2B9219590025849C /* Release */ = {
			isa = XCBuildConfiguration;
			buildSettings = {
				ASSETCATALOG_COMPILER_APPICON_NAME = AppIcon;
				ASSETCATALOG_COMPILER_GLOBAL_ACCENT_COLOR_NAME = AccentColor;
				CODE_SIGN_ENTITLEMENTS = "Linecom Wear Translate Watch App/Linecom Wear Translate Watch App.entitlements";
				CODE_SIGN_STYLE = Automatic;
				CURRENT_PROJECT_VERSION = 1;
				DEVELOPMENT_ASSET_PATHS = "\"Linecom Wear Translate Watch App/Preview Content\"";
				DEVELOPMENT_TEAM = B38QUJMY47;
				ENABLE_PREVIEWS = YES;
				GENERATE_INFOPLIST_FILE = YES;
				INFOPLIST_FILE = "Linecom-Wear-Translate-Watch-App-Info.plist";
				INFOPLIST_KEY_CFBundleDisplayName = "澪空软件腕表翻译";
				INFOPLIST_KEY_UISupportedInterfaceOrientations = "UIInterfaceOrientationPortrait UIInterfaceOrientationPortraitUpsideDown";
				INFOPLIST_KEY_WKCompanionAppBundleIdentifier = com.linecom.weartranslate;
				INFOPLIST_KEY_WKRunsIndependentlyOfCompanionApp = YES;
				INFOPLIST_KEY_WKWatchOnly = NO;
				LD_RUNPATH_SEARCH_PATHS = (
					"$(inherited)",
					"@executable_path/Frameworks",
				);
				MARKETING_VERSION = 1.1.2;
				PRODUCT_BUNDLE_IDENTIFIER = com.linecom.weartranslate.watchkitapp;
				PRODUCT_NAME = "澪空软件腕表翻译";
				SDKROOT = watchos;
				SKIP_INSTALL = YES;
				SWIFT_EMIT_LOC_STRINGS = YES;
				SWIFT_VERSION = 5.0;
				TARGETED_DEVICE_FAMILY = 4;
				VALIDATE_PRODUCT = YES;
				WATCHOS_DEPLOYMENT_TARGET = 9.0;
			};
			name = Release;
		};
		03428C872B9219590025849C /* Debug */ = {
			isa = XCBuildConfiguration;
			buildSettings = {
				CODE_SIGN_STYLE = Automatic;
				CURRENT_PROJECT_VERSION = 1;
				DEVELOPMENT_TEAM = B38QUJMY47;
				GENERATE_INFOPLIST_FILE = YES;
				MARKETING_VERSION = 1.0;
				PRODUCT_BUNDLE_IDENTIFIER = "com.linecom.weartranslate-Watch-AppUITests";
				PRODUCT_NAME = "$(TARGET_NAME)";
				SDKROOT = watchos;
				SWIFT_EMIT_LOC_STRINGS = NO;
				SWIFT_VERSION = 5.0;
				TARGETED_DEVICE_FAMILY = 4;
				TEST_TARGET_NAME = "Linecom Wear Translate Watch App";
				WATCHOS_DEPLOYMENT_TARGET = 8.6;
			};
			name = Debug;
		};
		03428C882B9219590025849C /* Release */ = {
			isa = XCBuildConfiguration;
			buildSettings = {
				CODE_SIGN_STYLE = Automatic;
				CURRENT_PROJECT_VERSION = 1;
				DEVELOPMENT_TEAM = B38QUJMY47;
				GENERATE_INFOPLIST_FILE = YES;
				MARKETING_VERSION = 1.0;
				PRODUCT_BUNDLE_IDENTIFIER = "com.linecom.weartranslate-Watch-AppUITests";
				PRODUCT_NAME = "$(TARGET_NAME)";
				SDKROOT = watchos;
				SWIFT_EMIT_LOC_STRINGS = NO;
				SWIFT_VERSION = 5.0;
				TARGETED_DEVICE_FAMILY = 4;
				TEST_TARGET_NAME = "Linecom Wear Translate Watch App";
				VALIDATE_PRODUCT = YES;
				WATCHOS_DEPLOYMENT_TARGET = 8.6;
			};
			name = Release;
		};
		0349B2E22C47F9BF00B820B5 /* Debug */ = {
			isa = XCBuildConfiguration;
			buildSettings = {
				ASSETCATALOG_COMPILER_APPICON_NAME = AppIcon;
				ASSETCATALOG_COMPILER_GLOBAL_ACCENT_COLOR_NAME = AccentColor;
				ASSETCATALOG_COMPILER_INCLUDE_ALL_APPICON_ASSETS = NO;
				CODE_SIGN_STYLE = Automatic;
				CURRENT_PROJECT_VERSION = 1;
				DEVELOPMENT_ASSET_PATHS = "\"Linecom Wear Translate/Preview Content\"";
				DEVELOPMENT_TEAM = B38QUJMY47;
				ENABLE_PREVIEWS = YES;
				GENERATE_INFOPLIST_FILE = YES;
				INFOPLIST_FILE = "Linecom-Wear-Translate-Info.plist";
				INFOPLIST_KEY_CFBundleDisplayName = "澪空软件腕表翻译";
				INFOPLIST_KEY_LSApplicationCategoryType = "public.app-category.utilities";
				INFOPLIST_KEY_UIApplicationSceneManifest_Generation = YES;
				INFOPLIST_KEY_UIApplicationSupportsIndirectInputEvents = YES;
				INFOPLIST_KEY_UILaunchScreen_Generation = YES;
				INFOPLIST_KEY_UIRequiresFullScreen = NO;
				INFOPLIST_KEY_UISupportedInterfaceOrientations = UIInterfaceOrientationPortrait;
				INFOPLIST_KEY_UISupportedInterfaceOrientations_iPad = "UIInterfaceOrientationLandscapeLeft UIInterfaceOrientationLandscapeRight UIInterfaceOrientationPortrait UIInterfaceOrientationPortraitUpsideDown";
				IPHONEOS_DEPLOYMENT_TARGET = 16.0;
				LD_RUNPATH_SEARCH_PATHS = (
					"$(inherited)",
					"@executable_path/Frameworks",
				);
				MARKETING_VERSION = 1.1.2;
				PRODUCT_BUNDLE_IDENTIFIER = com.linecom.weartranslate;
				PRODUCT_NAME = "$(TARGET_NAME)";
				SDKROOT = iphoneos;
				SWIFT_EMIT_LOC_STRINGS = YES;
				SWIFT_VERSION = 5.0;
				TARGETED_DEVICE_FAMILY = "1,2";
			};
			name = Debug;
		};
		0349B2E32C47F9BF00B820B5 /* Release */ = {
			isa = XCBuildConfiguration;
			buildSettings = {
				ASSETCATALOG_COMPILER_APPICON_NAME = AppIcon;
				ASSETCATALOG_COMPILER_GLOBAL_ACCENT_COLOR_NAME = AccentColor;
				ASSETCATALOG_COMPILER_INCLUDE_ALL_APPICON_ASSETS = NO;
				CODE_SIGN_STYLE = Automatic;
				CURRENT_PROJECT_VERSION = 1;
				DEVELOPMENT_ASSET_PATHS = "\"Linecom Wear Translate/Preview Content\"";
				DEVELOPMENT_TEAM = B38QUJMY47;
				ENABLE_PREVIEWS = YES;
				GENERATE_INFOPLIST_FILE = YES;
				INFOPLIST_FILE = "Linecom-Wear-Translate-Info.plist";
				INFOPLIST_KEY_CFBundleDisplayName = "澪空软件腕表翻译";
				INFOPLIST_KEY_LSApplicationCategoryType = "public.app-category.utilities";
				INFOPLIST_KEY_UIApplicationSceneManifest_Generation = YES;
				INFOPLIST_KEY_UIApplicationSupportsIndirectInputEvents = YES;
				INFOPLIST_KEY_UILaunchScreen_Generation = YES;
				INFOPLIST_KEY_UIRequiresFullScreen = NO;
				INFOPLIST_KEY_UISupportedInterfaceOrientations = UIInterfaceOrientationPortrait;
				INFOPLIST_KEY_UISupportedInterfaceOrientations_iPad = "UIInterfaceOrientationLandscapeLeft UIInterfaceOrientationLandscapeRight UIInterfaceOrientationPortrait UIInterfaceOrientationPortraitUpsideDown";
				IPHONEOS_DEPLOYMENT_TARGET = 16.0;
				LD_RUNPATH_SEARCH_PATHS = (
					"$(inherited)",
					"@executable_path/Frameworks",
				);
				MARKETING_VERSION = 1.1.2;
				PRODUCT_BUNDLE_IDENTIFIER = com.linecom.weartranslate;
				PRODUCT_NAME = "$(TARGET_NAME)";
				SDKROOT = iphoneos;
				SWIFT_EMIT_LOC_STRINGS = YES;
				SWIFT_VERSION = 5.0;
				TARGETED_DEVICE_FAMILY = "1,2";
				VALIDATE_PRODUCT = YES;
			};
			name = Release;
		};
/* End XCBuildConfiguration section */

/* Begin XCConfigurationList section */
		031C62D62CCA139300A865EC /* Build configuration list for PBXNativeTarget "Tap-to-Open-LWTExtension" */ = {
			isa = XCConfigurationList;
			buildConfigurations = (
				031C62D32CCA139300A865EC /* Debug */,
				031C62D42CCA139300A865EC /* Release */,
			);
			defaultConfigurationIsVisible = 0;
			defaultConfigurationName = Release;
		};
		03428C4D2B9219580025849C /* Build configuration list for PBXProject "Linecom Wear Translate" */ = {
			isa = XCConfigurationList;
			buildConfigurations = (
				03428C7A2B9219590025849C /* Debug */,
				03428C7B2B9219590025849C /* Release */,
			);
			defaultConfigurationIsVisible = 0;
			defaultConfigurationName = Release;
		};
		03428C7C2B9219590025849C /* Build configuration list for PBXNativeTarget "Linecom Wear Translate Watch App" */ = {
			isa = XCConfigurationList;
			buildConfigurations = (
				03428C7D2B9219590025849C /* Debug */,
				03428C7E2B9219590025849C /* Release */,
			);
			defaultConfigurationIsVisible = 0;
			defaultConfigurationName = Release;
		};
		03428C862B9219590025849C /* Build configuration list for PBXNativeTarget "Linecom Wear Translate Watch AppUITests" */ = {
			isa = XCConfigurationList;
			buildConfigurations = (
				03428C872B9219590025849C /* Debug */,
				03428C882B9219590025849C /* Release */,
			);
			defaultConfigurationIsVisible = 0;
			defaultConfigurationName = Release;
		};
		0349B2E12C47F9BF00B820B5 /* Build configuration list for PBXNativeTarget "Linecom Wear Translate" */ = {
			isa = XCConfigurationList;
			buildConfigurations = (
				0349B2E22C47F9BF00B820B5 /* Debug */,
				0349B2E32C47F9BF00B820B5 /* Release */,
			);
			defaultConfigurationIsVisible = 0;
			defaultConfigurationName = Release;
		};
/* End XCConfigurationList section */

/* Begin XCRemoteSwiftPackageReference section */
		030F238C2BEF9EA700E8D4FA /* XCRemoteSwiftPackageReference "SwiftyStoreKit" */ = {
			isa = XCRemoteSwiftPackageReference;
			repositoryURL = "https://github.com/bizz84/SwiftyStoreKit";
			requirement = {
				kind = upToNextMajorVersion;
				minimumVersion = 0.16.4;
			};
		};
		0328986F2CAAF96E0000B06D /* XCRemoteSwiftPackageReference "Dynamic" */ = {
			isa = XCRemoteSwiftPackageReference;
			repositoryURL = "https://github.com/mhdhejazi/Dynamic";
			requirement = {
				kind = upToNextMajorVersion;
				minimumVersion = 1.2.0;
			};
		};
		0333FBE12BE7C9DF00D7AF33 /* XCRemoteSwiftPackageReference "Cepheus" */ = {
			isa = XCRemoteSwiftPackageReference;
			repositoryURL = "https://github.com/Serene-Garden/Cepheus";
			requirement = {
				branch = main;
				kind = branch;
			};
		};
		036F3C8A2B9232060080194C /* XCRemoteSwiftPackageReference "DarockKit" */ = {
			isa = XCRemoteSwiftPackageReference;
			repositoryURL = "https://github.com/Darock-Studio/DarockKit";
			requirement = {
				branch = main;
				kind = branch;
			};
		};
		03C7A9F22C30280E00EFE72C /* XCRemoteSwiftPackageReference "swift-markdown-ui" */ = {
			isa = XCRemoteSwiftPackageReference;
			repositoryURL = "https://github.com/gonzalezreal/swift-markdown-ui";
			requirement = {
				kind = upToNextMajorVersion;
				minimumVersion = 2.3.1;
			};
		};
		03C7A9F52C30287900EFE72C /* XCRemoteSwiftPackageReference "SupportsUICore" */ = {
			isa = XCRemoteSwiftPackageReference;
			repositoryURL = "https://github.com/Darock-Studio/SupportsUICore";
			requirement = {
				branch = main;
				kind = branch;
			};
		};
/* End XCRemoteSwiftPackageReference section */

/* Begin XCSwiftPackageProductDependency section */
		030F238D2BEF9EA700E8D4FA /* SwiftyStoreKit */ = {
			isa = XCSwiftPackageProductDependency;
			package = 030F238C2BEF9EA700E8D4FA /* XCRemoteSwiftPackageReference "SwiftyStoreKit" */;
			productName = SwiftyStoreKit;
		};
		032898702CAAF96E0000B06D /* Dynamic */ = {
			isa = XCSwiftPackageProductDependency;
			package = 0328986F2CAAF96E0000B06D /* XCRemoteSwiftPackageReference "Dynamic" */;
			productName = Dynamic;
		};
		0333FBE22BE7C9DF00D7AF33 /* CepheusKeyboardKit */ = {
			isa = XCSwiftPackageProductDependency;
			package = 0333FBE12BE7C9DF00D7AF33 /* XCRemoteSwiftPackageReference "Cepheus" */;
			productName = CepheusKeyboardKit;
		};
		036F3C8B2B9232060080194C /* DarockKit */ = {
			isa = XCSwiftPackageProductDependency;
			package = 036F3C8A2B9232060080194C /* XCRemoteSwiftPackageReference "DarockKit" */;
			productName = DarockKit;
		};
		03C7A9F32C30280E00EFE72C /* MarkdownUI */ = {
			isa = XCSwiftPackageProductDependency;
			package = 03C7A9F22C30280E00EFE72C /* XCRemoteSwiftPackageReference "swift-markdown-ui" */;
			productName = MarkdownUI;
		};
		03C7A9F62C30287900EFE72C /* SupportsUICore */ = {
			isa = XCSwiftPackageProductDependency;
			package = 03C7A9F52C30287900EFE72C /* XCRemoteSwiftPackageReference "SupportsUICore" */;
			productName = SupportsUICore;
		};
/* End XCSwiftPackageProductDependency section */
	};
	rootObject = 03428C4A2B9219580025849C /* Project object */;
}
